
Microsoft Visual Studio Solution File, Format Version 12.00
# Visual Studio Version 17
VisualStudioVersion = 17.5.33424.131
MinimumVisualStudioVersion = 10.0.40219.1
Project("{FAE04EC0-301F-11D3-BF4B-00C04F79EFBC}") = "TwoSum", "TwoSum\TwoSum.csproj", "{B5313F2F-9151-4072-9AB4-17247493E601}"
EndProject
Project("{FAE04EC0-301F-11D3-BF4B-00C04F79EFBC}") = "PalindromeNumber", "PalindromeNumber\PalindromeNumber.csproj", "{40C0F57C-F5F7-4CF3-BC8F-7BB8B266E8F0}"
EndProject
Project("{FAE04EC0-301F-11D3-BF4B-00C04F79EFBC}") = "RomanToInteger", "RomantoInteger\RomanToInteger.csproj", "{029B9891-60C7-4F9B-9BC1-5662C914A799}"
EndProject
Project("{FAE04EC0-301F-11D3-BF4B-00C04F79EFBC}") = "LongestCommonPrefix", "LongestCommonPrefix\LongestCommonPrefix.csproj", "{6F0BC485-D092-4D7B-B0C6-3497D65F14FF}"
EndProject
Project("{FAE04EC0-301F-11D3-BF4B-00C04F79EFBC}") = "ValidParentheses", "ValidParentheses\ValidParentheses.csproj", "{5A55C339-AD0E-4C3C-B1CC-B2CD9513446D}"
EndProject
Project("{FAE04EC0-301F-11D3-BF4B-00C04F79EFBC}") = "MergeTwoSortedLists", "MergeTwoSortedLists\MergeTwoSortedLists.csproj", "{04AB1E05-A0F2-407A-B792-822FE19CA1C2}"
EndProject
Project("{FAE04EC0-301F-11D3-BF4B-00C04F79EFBC}") = "RemoveDuplicatesFromSortedArray", "RemoveDuplicatesFromSortedArray\RemoveDuplicatesFromSortedArray.csproj", "{7E4FC99A-F596-454D-A929-EBA08589ACFC}"
EndProject
Global
	GlobalSection(SolutionConfigurationPlatforms) = preSolution
		Debug|Any CPU = Debug|Any CPU
		Release|Any CPU = Release|Any CPU
	EndGlobalSection
	GlobalSection(ProjectConfigurationPlatforms) = postSolution
		{B5313F2F-9151-4072-9AB4-17247493E601}.Debug|Any CPU.ActiveCfg = Debug|Any CPU
		{B5313F2F-9151-4072-9AB4-17247493E601}.Debug|Any CPU.Build.0 = Debug|Any CPU
		{B5313F2F-9151-4072-9AB4-17247493E601}.Release|Any CPU.ActiveCfg = Release|Any CPU
		{B5313F2F-9151-4072-9AB4-17247493E601}.Release|Any CPU.Build.0 = Release|Any CPU
		{40C0F57C-F5F7-4CF3-BC8F-7BB8B266E8F0}.Debug|Any CPU.ActiveCfg = Debug|Any CPU
		{40C0F57C-F5F7-4CF3-BC8F-7BB8B266E8F0}.Debug|Any CPU.Build.0 = Debug|Any CPU
		{40C0F57C-F5F7-4CF3-BC8F-7BB8B266E8F0}.Release|Any CPU.ActiveCfg = Release|Any CPU
		{40C0F57C-F5F7-4CF3-BC8F-7BB8B266E8F0}.Release|Any CPU.Build.0 = Release|Any CPU
		{029B9891-60C7-4F9B-9BC1-5662C914A799}.Debug|Any CPU.ActiveCfg = Debug|Any CPU
		{029B9891-60C7-4F9B-9BC1-5662C914A799}.Debug|Any CPU.Build.0 = Debug|Any CPU
		{029B9891-60C7-4F9B-9BC1-5662C914A799}.Release|Any CPU.ActiveCfg = Release|Any CPU
		{029B9891-60C7-4F9B-9BC1-5662C914A799}.Release|Any CPU.Build.0 = Release|Any CPU
		{6F0BC485-D092-4D7B-B0C6-3497D65F14FF}.Debug|Any CPU.ActiveCfg = Debug|Any CPU
		{6F0BC485-D092-4D7B-B0C6-3497D65F14FF}.Debug|Any CPU.Build.0 = Debug|Any CPU
		{6F0BC485-D092-4D7B-B0C6-3497D65F14FF}.Release|Any CPU.ActiveCfg = Release|Any CPU
		{6F0BC485-D092-4D7B-B0C6-3497D65F14FF}.Release|Any CPU.Build.0 = Release|Any CPU
		{5A55C339-AD0E-4C3C-B1CC-B2CD9513446D}.Debug|Any CPU.ActiveCfg = Debug|Any CPU
		{5A55C339-AD0E-4C3C-B1CC-B2CD9513446D}.Debug|Any CPU.Build.0 = Debug|Any CPU
		{5A55C339-AD0E-4C3C-B1CC-B2CD9513446D}.Release|Any CPU.ActiveCfg = Release|Any CPU
		{5A55C339-AD0E-4C3C-B1CC-B2CD9513446D}.Release|Any CPU.Build.0 = Release|Any CPU
		{04AB1E05-A0F2-407A-B792-822FE19CA1C2}.Debug|Any CPU.ActiveCfg = Debug|Any CPU
		{04AB1E05-A0F2-407A-B792-822FE19CA1C2}.Debug|Any CPU.Build.0 = Debug|Any CPU
		{04AB1E05-A0F2-407A-B792-822FE19CA1C2}.Release|Any CPU.ActiveCfg = Release|Any CPU
		{04AB1E05-A0F2-407A-B792-822FE19CA1C2}.Release|Any CPU.Build.0 = Release|Any CPU
		{7E4FC99A-F596-454D-A929-EBA08589ACFC}.Debug|Any CPU.ActiveCfg = Debug|Any CPU
		{7E4FC99A-F596-454D-A929-EBA08589ACFC}.Debug|Any CPU.Build.0 = Debug|Any CPU
		{7E4FC99A-F596-454D-A929-EBA08589ACFC}.Release|Any CPU.ActiveCfg = Release|Any CPU
		{7E4FC99A-F596-454D-A929-EBA08589ACFC}.Release|Any CPU.Build.0 = Release|Any CPU
	EndGlobalSection
	GlobalSection(SolutionProperties) = preSolution
		HideSolutionNode = FALSE
	EndGlobalSection
	GlobalSection(ExtensibilityGlobals) = postSolution
		SolutionGuid = {8F5DC126-7AB5-4758-85AF-54627736B34D}
	EndGlobalSection
EndGlobal
